// !$*UTF8*$!
{
	archiveVersion = 1;
	classes = {
	};
	objectVersion = 77;
	objects = {

/* Begin PBXContainerItemProxy section */
		5A338DD02DD06DA800892171 /* PBXContainerItemProxy */ = {
			isa = PBXContainerItemProxy;
			containerPortal = 5A338DB72DD06DA700892171 /* Project object */;
			proxyType = 1;
			remoteGlobalIDString = 5A338DBE2DD06DA700892171;
			remoteInfo = ComposableAPIClientSample;
		};
		5A338DDA2DD06DA800892171 /* PBXContainerItemProxy */ = {
			isa = PBXContainerItemProxy;
			containerPortal = 5A338DB72DD06DA700892171 /* Project object */;
			proxyType = 1;
			remoteGlobalIDString = 5A338DBE2DD06DA700892171;
			remoteInfo = ComposableAPIClientSample;
		};
/* End PBXContainerItemProxy section */

/* Begin PBXFileReference section */
		5A338DBF2DD06DA700892171 /* ComposableAPIClientSample.app */ = {isa = PBXFileReference; explicitFileType = wrapper.application; includeInIndex = 0; path = ComposableAPIClientSample.app; sourceTree = BUILT_PRODUCTS_DIR; };
		5A338DCF2DD06DA800892171 /* ComposableAPIClientSampleTests.xctest */ = {isa = PBXFileReference; explicitFileType = wrapper.cfbundle; includeInIndex = 0; path = ComposableAPIClientSampleTests.xctest; sourceTree = BUILT_PRODUCTS_DIR; };
		5A338DD92DD06DA800892171 /* ComposableAPIClientSampleUITests.xctest */ = {isa = PBXFileReference; explicitFileType = wrapper.cfbundle; includeInIndex = 0; path = ComposableAPIClientSampleUITests.xctest; sourceTree = BUILT_PRODUCTS_DIR; };
/* End PBXFileReference section */

/* Begin PBXFileSystemSynchronizedRootGroup section */
		5A338DC12DD06DA700892171 /* ComposableAPIClientSample */ = {
			isa = PBXFileSystemSynchronizedRootGroup;
			path = ComposableAPIClientSample;
			sourceTree = "<group>";
		};
		5A338DD22DD06DA800892171 /* ComposableAPIClientSampleTests */ = {
			isa = PBXFileSystemSynchronizedRootGroup;
			path = ComposableAPIClientSampleTests;
			sourceTree = "<group>";
		};
		5A338DDC2DD06DA800892171 /* ComposableAPIClientSampleUITests */ = {
			isa = PBXFileSystemSynchronizedRootGroup;
			path = ComposableAPIClientSampleUITests;
			sourceTree = "<group>";
		};
/* End PBXFileSystemSynchronizedRootGroup section */

/* Begin PBXFrameworksBuildPhase section */
		5A338DBC2DD06DA700892171 /* Frameworks */ = {
			isa = PBXFrameworksBuildPhase;
			buildActionMask = 2147483647;
			files = (
			);
			runOnlyForDeploymentPostprocessing = 0;
		};
		5A338DCC2DD06DA800892171 /* Frameworks */ = {
			isa = PBXFrameworksBuildPhase;
			buildActionMask = 2147483647;
			files = (
			);
			runOnlyForDeploymentPostprocessing = 0;
		};
		5A338DD62DD06DA800892171 /* Frameworks */ = {
			isa = PBXFrameworksBuildPhase;
			buildActionMask = 2147483647;
			files = (
			);
			runOnlyForDeploymentPostprocessing = 0;
		};
/* End PBXFrameworksBuildPhase section */

/* Begin PBXGroup section */
		5A338DB62DD06DA700892171 = {
			isa = PBXGroup;
			children = (
				5A338DC12DD06DA700892171 /* ComposableAPIClientSample */,
				5A338DD22DD06DA800892171 /* ComposableAPIClientSampleTests */,
				5A338DDC2DD06DA800892171 /* ComposableAPIClientSampleUITests */,
				5A338DC02DD06DA700892171 /* Products */,
			);
			sourceTree = "<group>";
		};
		5A338DC02DD06DA700892171 /* Products */ = {
			isa = PBXGroup;
			children = (
				5A338DBF2DD06DA700892171 /* ComposableAPIClientSample.app */,
				5A338DCF2DD06DA800892171 /* ComposableAPIClientSampleTests.xctest */,
				5A338DD92DD06DA800892171 /* ComposableAPIClientSampleUITests.xctest */,
			);
			name = Products;
			sourceTree = "<group>";
		};
/* End PBXGroup section */

/* Begin PBXNativeTarget section */
		5A338DBE2DD06DA700892171 /* ComposableAPIClientSample */ = {
			isa = PBXNativeTarget;
			buildConfigurationList = 5A338DE32DD06DA800892171 /* Build configuration list for PBXNativeTarget "ComposableAPIClientSample" */;
			buildPhases = (
				5A338DBB2DD06DA700892171 /* Sources */,
				5A338DBC2DD06DA700892171 /* Frameworks */,
				5A338DBD2DD06DA700892171 /* Resources */,
			);
			buildRules = (
			);
			dependencies = (
			);
			fileSystemSynchronizedGroups = (
				5A338DC12DD06DA700892171 /* ComposableAPIClientSample */,
			);
			name = ComposableAPIClientSample;
			packageProductDependencies = (
			);
			productName = ComposableAPIClientSample;
			productReference = 5A338DBF2DD06DA700892171 /* ComposableAPIClientSample.app */;
			productType = "com.apple.product-type.application";
		};
		5A338DCE2DD06DA800892171 /* ComposableAPIClientSampleTests */ = {
			isa = PBXNativeTarget;
			buildConfigurationList = 5A338DE62DD06DA800892171 /* Build configuration list for PBXNativeTarget "ComposableAPIClientSampleTests" */;
			buildPhases = (
				5A338DCB2DD06DA800892171 /* Sources */,
				5A338DCC2DD06DA800892171 /* Frameworks */,
				5A338DCD2DD06DA800892171 /* Resources */,
			);
			buildRules = (
			);
			dependencies = (
				5A338DD12DD06DA800892171 /* PBXTargetDependency */,
			);
			fileSystemSynchronizedGroups = (
				5A338DD22DD06DA800892171 /* ComposableAPIClientSampleTests */,
			);
			name = ComposableAPIClientSampleTests;
			packageProductDependencies = (
			);
			productName = ComposableAPIClientSampleTests;
			productReference = 5A338DCF2DD06DA800892171 /* ComposableAPIClientSampleTests.xctest */;
			productType = "com.apple.product-type.bundle.unit-test";
		};
		5A338DD82DD06DA800892171 /* ComposableAPIClientSampleUITests */ = {
			isa = PBXNativeTarget;
			buildConfigurationList = 5A338DE92DD06DA800892171 /* Build configuration list for PBXNativeTarget "ComposableAPIClientSampleUITests" */;
			buildPhases = (
				5A338DD52DD06DA800892171 /* Sources */,
				5A338DD62DD06DA800892171 /* Frameworks */,
				5A338DD72DD06DA800892171 /* Resources */,
			);
			buildRules = (
			);
			dependencies = (
				5A338DDB2DD06DA800892171 /* PBXTargetDependency */,
			);
			fileSystemSynchronizedGroups = (
				5A338DDC2DD06DA800892171 /* ComposableAPIClientSampleUITests */,
			);
			name = ComposableAPIClientSampleUITests;
			packageProductDependencies = (
			);
			productName = ComposableAPIClientSampleUITests;
			productReference = 5A338DD92DD06DA800892171 /* ComposableAPIClientSampleUITests.xctest */;
			productType = "com.apple.product-type.bundle.ui-testing";
		};
/* End PBXNativeTarget section */

/* Begin PBXProject section */
		5A338DB72DD06DA700892171 /* Project object */ = {
			isa = PBXProject;
			attributes = {
				BuildIndependentTargetsInParallel = 1;
				LastSwiftUpdateCheck = 1620;
				LastUpgradeCheck = 1620;
				TargetAttributes = {
					5A338DBE2DD06DA700892171 = {
						CreatedOnToolsVersion = 16.2;
					};
					5A338DCE2DD06DA800892171 = {
						CreatedOnToolsVersion = 16.2;
						TestTargetID = 5A338DBE2DD06DA700892171;
					};
					5A338DD82DD06DA800892171 = {
						CreatedOnToolsVersion = 16.2;
						TestTargetID = 5A338DBE2DD06DA700892171;
					};
				};
			};
			buildConfigurationList = 5A338DBA2DD06DA700892171 /* Build configuration list for PBXProject "ComposableAPIClientSample" */;
			developmentRegion = en;
			hasScannedForEncodings = 0;
			knownRegions = (
				en,
				Base,
			);
			mainGroup = 5A338DB62DD06DA700892171;
			minimizedProjectReferenceProxies = 1;
			preferredProjectObjectVersion = 77;
			productRefGroup = 5A338DC02DD06DA700892171 /* Products */;
			projectDirPath = "";
			projectRoot = "";
			targets = (
				5A338DBE2DD06DA700892171 /* ComposableAPIClientSample */,
				5A338DCE2DD06DA800892171 /* ComposableAPIClientSampleTests */,
				5A338DD82DD06DA800892171 /* ComposableAPIClientSampleUITests */,
			);
		};
/* End PBXProject section */

/* Begin PBXResourcesBuildPhase section */
		5A338DBD2DD06DA700892171 /* Resources */ = {
			isa = PBXResourcesBuildPhase;
			buildActionMask = 2147483647;
			files = (
			);
			runOnlyForDeploymentPostprocessing = 0;
		};
		5A338DCD2DD06DA800892171 /* Resources */ = {
			isa = PBXResourcesBuildPhase;
			buildActionMask = 2147483647;
			files = (
			);
			runOnlyForDeploymentPostprocessing = 0;
		};
		5A338DD72DD06DA800892171 /* Resources */ = {
			isa = PBXResourcesBuildPhase;
			buildActionMask = 2147483647;
			files = (
			);
			runOnlyForDeploymentPostprocessing = 0;
		};
/* End PBXResourcesBuildPhase section */

/* Begin PBXSourcesBuildPhase section */
		5A338DBB2DD06DA700892171 /* Sources */ = {
			isa = PBXSourcesBuildPhase;
			buildActionMask = 2147483647;
			files = (
			);
			runOnlyForDeploymentPostprocessing = 0;
		};
		5A338DCB2DD06DA800892171 /* Sources */ = {
			isa = PBXSourcesBuildPhase;
			buildActionMask = 2147483647;
			files = (
			);
			runOnlyForDeploymentPostprocessing = 0;
		};
		5A338DD52DD06DA800892171 /* Sources */ = {
			isa = PBXSourcesBuildPhase;
			buildActionMask = 2147483647;
			files = (
			);
			runOnlyForDeploymentPostprocessing = 0;
		};
/* End PBXSourcesBuildPhase section */

/* Begin PBXTargetDependency section */
		5A338DD12DD06DA800892171 /* PBXTargetDependency */ = {
			isa = PBXTargetDependency;
			target = 5A338DBE2DD06DA700892171 /* ComposableAPIClientSample */;
			targetProxy = 5A338DD02DD06DA800892171 /* PBXContainerItemProxy */;
		};
		5A338DDB2DD06DA800892171 /* PBXTargetDependency */ = {
			isa = PBXTargetDependency;
			target = 5A338DBE2DD06DA700892171 /* ComposableAPIClientSample */;
			targetProxy = 5A338DDA2DD06DA800892171 /* PBXContainerItemProxy */;
		};
/* End PBXTargetDependency section */

/* Begin XCBuildConfiguration section */
		5A338DE12DD06DA800892171 /* Debug */ = {
			isa = XCBuildConfiguration;
			buildSettings = {
				ALWAYS_SEARCH_USER_PATHS = NO;
				ASSETCATALOG_COMPILER_GENERATE_SWIFT_ASSET_SYMBOL_EXTENSIONS = YES;
				CLANG_ANALYZER_NONNULL = YES;
				CLANG_ANALYZER_NUMBER_OBJECT_CONVERSION = YES_AGGRESSIVE;
				CLANG_CXX_LANGUAGE_STANDARD = "gnu++20";
				CLANG_ENABLE_MODULES = YES;
				CLANG_ENABLE_OBJC_ARC = YES;
				CLANG_ENABLE_OBJC_WEAK = YES;
				CLANG_WARN_BLOCK_CAPTURE_AUTORELEASING = YES;
				CLANG_WARN_BOOL_CONVERSION = YES;
				CLANG_WARN_COMMA = YES;
				CLANG_WARN_CONSTANT_CONVERSION = YES;
				CLANG_WARN_DEPRECATED_OBJC_IMPLEMENTATIONS = YES;
				CLANG_WARN_DIRECT_OBJC_ISA_USAGE = YES_ERROR;
				CLANG_WARN_DOCUMENTATION_COMMENTS = YES;
				CLANG_WARN_EMPTY_BODY = YES;
				CLANG_WARN_ENUM_CONVERSION = YES;
				CLANG_WARN_INFINITE_RECURSION = YES;
				CLANG_WARN_INT_CONVERSION = YES;
				CLANG_WARN_NON_LITERAL_NULL_CONVERSION = YES;
				CLANG_WARN_OBJC_IMPLICIT_RETAIN_SELF = YES;
				CLANG_WARN_OBJC_LITERAL_CONVERSION = YES;
				CLANG_WARN_OBJC_ROOT_CLASS = YES_ERROR;
				CLANG_WARN_QUOTED_INCLUDE_IN_FRAMEWORK_HEADER = YES;
				CLANG_WARN_RANGE_LOOP_ANALYSIS = YES;
				CLANG_WARN_STRICT_PROTOTYPES = YES;
				CLANG_WARN_SUSPICIOUS_MOVE = YES;
				CLANG_WARN_UNGUARDED_AVAILABILITY = YES_AGGRESSIVE;
				CLANG_WARN_UNREACHABLE_CODE = YES;
				CLANG_WARN__DUPLICATE_METHOD_MATCH = YES;
				COPY_PHASE_STRIP = NO;
				DEBUG_INFORMATION_FORMAT = dwarf;
				ENABLE_STRICT_OBJC_MSGSEND = YES;
				ENABLE_TESTABILITY = YES;
				ENABLE_USER_SCRIPT_SANDBOXING = YES;
				GCC_C_LANGUAGE_STANDARD = gnu17;
				GCC_DYNAMIC_NO_PIC = NO;
				GCC_NO_COMMON_BLOCKS = YES;
				GCC_OPTIMIZATION_LEVEL = 0;
				GCC_PREPROCESSOR_DEFINITIONS = (
					"DEBUG=1",
					"$(inherited)",
				);
				GCC_WARN_64_TO_32_BIT_CONVERSION = YES;
				GCC_WARN_ABOUT_RETURN_TYPE = YES_ERROR;
				GCC_WARN_UNDECLARED_SELECTOR = YES;
				GCC_WARN_UNINITIALIZED_AUTOS = YES_AGGRESSIVE;
				GCC_WARN_UNUSED_FUNCTION = YES;
				GCC_WARN_UNUSED_VARIABLE = YES;
				IPHONEOS_DEPLOYMENT_TARGET = 18.2;
				LOCALIZATION_PREFERS_STRING_CATALOGS = YES;
				MTL_ENABLE_DEBUG_INFO = INCLUDE_SOURCE;
				MTL_FAST_MATH = YES;
				ONLY_ACTIVE_ARCH = YES;
				SDKROOT = iphoneos;
				SWIFT_ACTIVE_COMPILATION_CONDITIONS = "DEBUG $(inherited)";
				SWIFT_OPTIMIZATION_LEVEL = "-Onone";
			};
			name = Debug;
		};
		5A338DE22DD06DA800892171 /* Release */ = {
			isa = XCBuildConfiguration;
			buildSettings = {
				ALWAYS_SEARCH_USER_PATHS = NO;
				ASSETCATALOG_COMPILER_GENERATE_SWIFT_ASSET_SYMBOL_EXTENSIONS = YES;
				CLANG_ANALYZER_NONNULL = YES;
				CLANG_ANALYZER_NUMBER_OBJECT_CONVERSION = YES_AGGRESSIVE;
				CLANG_CXX_LANGUAGE_STANDARD = "gnu++20";
				CLANG_ENABLE_MODULES = YES;
				CLANG_ENABLE_OBJC_ARC = YES;
				CLANG_ENABLE_OBJC_WEAK = YES;
				CLANG_WARN_BLOCK_CAPTURE_AUTORELEASING = YES;
				CLANG_WARN_BOOL_CONVERSION = YES;
				CLANG_WARN_COMMA = YES;
				CLANG_WARN_CONSTANT_CONVERSION = YES;
				CLANG_WARN_DEPRECATED_OBJC_IMPLEMENTATIONS = YES;
				CLANG_WARN_DIRECT_OBJC_ISA_USAGE = YES_ERROR;
				CLANG_WARN_DOCUMENTATION_COMMENTS = YES;
				CLANG_WARN_EMPTY_BODY = YES;
				CLANG_WARN_ENUM_CONVERSION = YES;
				CLANG_WARN_INFINITE_RECURSION = YES;
				CLANG_WARN_INT_CONVERSION = YES;
				CLANG_WARN_NON_LITERAL_NULL_CONVERSION = YES;
				CLANG_WARN_OBJC_IMPLICIT_RETAIN_SELF = YES;
				CLANG_WARN_OBJC_LITERAL_CONVERSION = YES;
				CLANG_WARN_OBJC_ROOT_CLASS = YES_ERROR;
				CLANG_WARN_QUOTED_INCLUDE_IN_FRAMEWORK_HEADER = YES;
				CLANG_WARN_RANGE_LOOP_ANALYSIS = YES;
				CLANG_WARN_STRICT_PROTOTYPES = YES;
				CLANG_WARN_SUSPICIOUS_MOVE = YES;
				CLANG_WARN_UNGUARDED_AVAILABILITY = YES_AGGRESSIVE;
				CLANG_WARN_UNREACHABLE_CODE = YES;
				CLANG_WARN__DUPLICATE_METHOD_MATCH = YES;
				COPY_PHASE_STRIP = NO;
				DEBUG_INFORMATION_FORMAT = "dwarf-with-dsym";
				ENABLE_NS_ASSERTIONS = NO;
				ENABLE_STRICT_OBJC_MSGSEND = YES;
				ENABLE_USER_SCRIPT_SANDBOXING = YES;
				GCC_C_LANGUAGE_STANDARD = gnu17;
				GCC_NO_COMMON_BLOCKS = YES;
				GCC_WARN_64_TO_32_BIT_CONVERSION = YES;
				GCC_WARN_ABOUT_RETURN_TYPE = YES_ERROR;
				GCC_WARN_UNDECLARED_SELECTOR = YES;
				GCC_WARN_UNINITIALIZED_AUTOS = YES_AGGRESSIVE;
				GCC_WARN_UNUSED_FUNCTION = YES;
				GCC_WARN_UNUSED_VARIABLE = YES;
				IPHONEOS_DEPLOYMENT_TARGET = 18.2;
				LOCALIZATION_PREFERS_STRING_CATALOGS = YES;
				MTL_ENABLE_DEBUG_INFO = NO;
				MTL_FAST_MATH = YES;
				SDKROOT = iphoneos;
				SWIFT_COMPILATION_MODE = wholemodule;
				VALIDATE_PRODUCT = YES;
			};
			name = Release;
		};
		5A338DE42DD06DA800892171 /* Debug */ = {
			isa = XCBuildConfiguration;
			buildSettings = {
				ASSETCATALOG_COMPILER_APPICON_NAME = AppIcon;
				ASSETCATALOG_COMPILER_GLOBAL_ACCENT_COLOR_NAME = AccentColor;
				CODE_SIGN_STYLE = Automatic;
				CURRENT_PROJECT_VERSION = 1;
				DEVELOPMENT_ASSET_PATHS = "\"ComposableAPIClientSample/Preview Content\"";
				DEVELOPMENT_TEAM = 9KK88UG755;
				ENABLE_PREVIEWS = YES;
				GENERATE_INFOPLIST_FILE = YES;
				INFOPLIST_KEY_UIApplicationSceneManifest_Generation = YES;
				INFOPLIST_KEY_UIApplicationSupportsIndirectInputEvents = YES;
				INFOPLIST_KEY_UILaunchScreen_Generation = YES;
				INFOPLIST_KEY_UISupportedInterfaceOrientations_iPad = "UIInterfaceOrientationPortrait UIInterfaceOrientationPortraitUpsideDown UIInterfaceOrientationLandscapeLeft UIInterfaceOrientationLandscapeRight";
				INFOPLIST_KEY_UISupportedInterfaceOrientations_iPhone = "UIInterfaceOrientationPortrait UIInterfaceOrientationLandscapeLeft UIInterfaceOrientationLandscapeRight";
				LD_RUNPATH_SEARCH_PATHS = (
					"$(inherited)",
					"@executable_path/Frameworks",
				);
				MARKETING_VERSION = 1.0;
				PRODUCT_BUNDLE_IDENTIFIER = dev.cranoo.ComposableAPIClientSample;
				PRODUCT_NAME = "$(TARGET_NAME)";
				SWIFT_EMIT_LOC_STRINGS = YES;
				SWIFT_VERSION = 5.0;
				TARGETED_DEVICE_FAMILY = "1,2";
			};
			name = Debug;
		};
		5A338DE52DD06DA800892171 /* Release */ = {
			isa = XCBuildConfiguration;
			buildSettings = {
				ASSETCATALOG_COMPILER_APPICON_NAME = AppIcon;
				ASSETCATALOG_COMPILER_GLOBAL_ACCENT_COLOR_NAME = AccentColor;
				CODE_SIGN_STYLE = Automatic;
				CURRENT_PROJECT_VERSION = 1;
				DEVELOPMENT_ASSET_PATHS = "\"ComposableAPIClientSample/Preview Content\"";
				DEVELOPMENT_TEAM = 9KK88UG755;
				ENABLE_PREVIEWS = YES;
				GENERATE_INFOPLIST_FILE = YES;
				INFOPLIST_KEY_UIApplicationSceneManifest_Generation = YES;
				INFOPLIST_KEY_UIApplicationSupportsIndirectInputEvents = YES;
				INFOPLIST_KEY_UILaunchScreen_Generation = YES;
				INFOPLIST_KEY_UISupportedInterfaceOrientations_iPad = "UIInterfaceOrientationPortrait UIInterfaceOrientationPortraitUpsideDown UIInterfaceOrientationLandscapeLeft UIInterfaceOrientationLandscapeRight";
				INFOPLIST_KEY_UISupportedInterfaceOrientations_iPhone = "UIInterfaceOrientationPortrait UIInterfaceOrientationLandscapeLeft UIInterfaceOrientationLandscapeRight";
				LD_RUNPATH_SEARCH_PATHS = (
					"$(inherited)",
					"@executable_path/Frameworks",
				);
				MARKETING_VERSION = 1.0;
				PRODUCT_BUNDLE_IDENTIFIER = dev.cranoo.ComposableAPIClientSample;
				PRODUCT_NAME = "$(TARGET_NAME)";
				SWIFT_EMIT_LOC_STRINGS = YES;
				SWIFT_VERSION = 5.0;
				TARGETED_DEVICE_FAMILY = "1,2";
			};
			name = Release;
		};
		5A338DE72DD06DA800892171 /* Debug */ = {
			isa = XCBuildConfiguration;
			buildSettings = {
				BUNDLE_LOADER = "$(TEST_HOST)";
				CODE_SIGN_STYLE = Automatic;
				CURRENT_PROJECT_VERSION = 1;
				DEVELOPMENT_TEAM = 9KK88UG755;
				GENERATE_INFOPLIST_FILE = YES;
				IPHONEOS_DEPLOYMENT_TARGET = 18.2;
				MARKETING_VERSION = 1.0;
				PRODUCT_BUNDLE_IDENTIFIER = dev.cranoo.ComposableAPIClientSampleTests;
				PRODUCT_NAME = "$(TARGET_NAME)";
				SWIFT_EMIT_LOC_STRINGS = NO;
				SWIFT_VERSION = 5.0;
				TARGETED_DEVICE_FAMILY = "1,2";
				TEST_HOST = "$(BUILT_PRODUCTS_DIR)/ComposableAPIClientSample.app/$(BUNDLE_EXECUTABLE_FOLDER_PATH)/ComposableAPIClientSample";
			};
			name = Debug;
		};
		5A338DE82DD06DA800892171 /* Release */ = {
			isa = XCBuildConfiguration;
			buildSettings = {
				BUNDLE_LOADER = "$(TEST_HOST)";
				CODE_SIGN_STYLE = Automatic;
				CURRENT_PROJECT_VERSION = 1;
				DEVELOPMENT_TEAM = 9KK88UG755;
				GENERATE_INFOPLIST_FILE = YES;
				IPHONEOS_DEPLOYMENT_TARGET = 18.2;
				MARKETING_VERSION = 1.0;
				PRODUCT_BUNDLE_IDENTIFIER = dev.cranoo.ComposableAPIClientSampleTests;
				PRODUCT_NAME = "$(TARGET_NAME)";
				SWIFT_EMIT_LOC_STRINGS = NO;
				SWIFT_VERSION = 5.0;
				TARGETED_DEVICE_FAMILY = "1,2";
				TEST_HOST = "$(BUILT_PRODUCTS_DIR)/ComposableAPIClientSample.app/$(BUNDLE_EXECUTABLE_FOLDER_PATH)/ComposableAPIClientSample";
			};
			name = Release;
		};
		5A338DEA2DD06DA800892171 /* Debug */ = {
			isa = XCBuildConfiguration;
			buildSettings = {
				CODE_SIGN_STYLE = Automatic;
				CURRENT_PROJECT_VERSION = 1;
				DEVELOPMENT_TEAM = 9KK88UG755;
				GENERATE_INFOPLIST_FILE = YES;
				MARKETING_VERSION = 1.0;
				PRODUCT_BUNDLE_IDENTIFIER = dev.cranoo.ComposableAPIClientSampleUITests;
				PRODUCT_NAME = "$(TARGET_NAME)";
				SWIFT_EMIT_LOC_STRINGS = NO;
				SWIFT_VERSION = 5.0;
				TARGETED_DEVICE_FAMILY = "1,2";
				TEST_TARGET_NAME = ComposableAPIClientSample;
			};
			name = Debug;
		};
		5A338DEB2DD06DA800892171 /* Release */ = {
			isa = XCBuildConfiguration;
			buildSettings = {
				CODE_SIGN_STYLE = Automatic;
				CURRENT_PROJECT_VERSION = 1;
				DEVELOPMENT_TEAM = 9KK88UG755;
				GENERATE_INFOPLIST_FILE = YES;
				MARKETING_VERSION = 1.0;
				PRODUCT_BUNDLE_IDENTIFIER = dev.cranoo.ComposableAPIClientSampleUITests;
				PRODUCT_NAME = "$(TARGET_NAME)";
				SWIFT_EMIT_LOC_STRINGS = NO;
				SWIFT_VERSION = 5.0;
				TARGETED_DEVICE_FAMILY = "1,2";
				TEST_TARGET_NAME = ComposableAPIClientSample;
			};
			name = Release;
		};
/* End XCBuildConfiguration section */

/* Begin XCConfigurationList section */
		5A338DBA2DD06DA700892171 /* Build configuration list for PBXProject "ComposableAPIClientSample" */ = {
			isa = XCConfigurationList;
			buildConfigurations = (
				5A338DE12DD06DA800892171 /* Debug */,
				5A338DE22DD06DA800892171 /* Release */,
			);
			defaultConfigurationIsVisible = 0;
			defaultConfigurationName = Release;
		};
		5A338DE32DD06DA800892171 /* Build configuration list for PBXNativeTarget "ComposableAPIClientSample" */ = {
			isa = XCConfigurationList;
			buildConfigurations = (
				5A338DE42DD06DA800892171 /* Debug */,
				5A338DE52DD06DA800892171 /* Release */,
			);
			defaultConfigurationIsVisible = 0;
			defaultConfigurationName = Release;
		};
		5A338DE62DD06DA800892171 /* Build configuration list for PBXNativeTarget "ComposableAPIClientSampleTests" */ = {
			isa = XCConfigurationList;
			buildConfigurations = (
				5A338DE72DD06DA800892171 /* Debug */,
				5A338DE82DD06DA800892171 /* Release */,
			);
			defaultConfigurationIsVisible = 0;
			defaultConfigurationName = Release;
		};
		5A338DE92DD06DA800892171 /* Build configuration list for PBXNativeTarget "ComposableAPIClientSampleUITests" */ = {
			isa = XCConfigurationList;
			buildConfigurations = (
				5A338DEA2DD06DA800892171 /* Debug */,
				5A338DEB2DD06DA800892171 /* Release */,
			);
			defaultConfigurationIsVisible = 0;
			defaultConfigurationName = Release;
		};
/* End XCConfigurationList section */
	};
	rootObject = 5A338DB72DD06DA700892171 /* Project object */;
}
